// !$*UTF8*$!
{
	archiveVersion = 1;
	classes = {
	};
	objectVersion = 50;
	objects = {

/* Begin PBXBuildFile section */
		A7385BF2267B763200AB1A57 /* AppDelegate.swift in Sources */ = {isa = PBXBuildFile; fileRef = A7385BF1267B763200AB1A57 /* AppDelegate.swift */; };
		A7385BF4267B763200AB1A57 /* SceneDelegate.swift in Sources */ = {isa = PBXBuildFile; fileRef = A7385BF3267B763200AB1A57 /* SceneDelegate.swift */; };
		A7385BF6267B763200AB1A57 /* ViewController.swift in Sources */ = {isa = PBXBuildFile; fileRef = A7385BF5267B763200AB1A57 /* ViewController.swift */; };
		A7385BF9267B763200AB1A57 /* Main.storyboard in Resources */ = {isa = PBXBuildFile; fileRef = A7385BF7267B763200AB1A57 /* Main.storyboard */; };
		A7385BFB267B763300AB1A57 /* Assets.xcassets in Resources */ = {isa = PBXBuildFile; fileRef = A7385BFA267B763300AB1A57 /* Assets.xcassets */; };
		A7385BFE267B763300AB1A57 /* LaunchScreen.storyboard in Resources */ = {isa = PBXBuildFile; fileRef = A7385BFC267B763300AB1A57 /* LaunchScreen.storyboard */; };
		A7385C11267B7BEF00AB1A57 /* SessionSingleton.swift in Sources */ = {isa = PBXBuildFile; fileRef = A7385C10267B7BEF00AB1A57 /* SessionSingleton.swift */; };
/* End PBXBuildFile section */

/* Begin PBXFileReference section */
		A7385BEE267B763200AB1A57 /* GeekBrainsDZ3.app */ = {isa = PBXFileReference; explicitFileType = wrapper.application; includeInIndex = 0; path = GeekBrainsDZ3.app; sourceTree = BUILT_PRODUCTS_DIR; };
		A7385BF1267B763200AB1A57 /* AppDelegate.swift */ = {isa = PBXFileReference; lastKnownFileType = sourcecode.swift; path = AppDelegate.swift; sourceTree = "<group>"; };
		A7385BF3267B763200AB1A57 /* SceneDelegate.swift */ = {isa = PBXFileReference; lastKnownFileType = sourcecode.swift; path = SceneDelegate.swift; sourceTree = "<group>"; };
		A7385BF5267B763200AB1A57 /* ViewController.swift */ = {isa = PBXFileReference; lastKnownFileType = sourcecode.swift; path = ViewController.swift; sourceTree = "<group>"; };
		A7385BF8267B763200AB1A57 /* Base */ = {isa = PBXFileReference; lastKnownFileType = file.storyboard; name = Base; path = Base.lproj/Main.storyboard; sourceTree = "<group>"; };
		A7385BFA267B763300AB1A57 /* Assets.xcassets */ = {isa = PBXFileReference; lastKnownFileType = folder.assetcatalog; path = Assets.xcassets; sourceTree = "<group>"; };
		A7385BFD267B763300AB1A57 /* Base */ = {isa = PBXFileReference; lastKnownFileType = file.storyboard; name = Base; path = Base.lproj/LaunchScreen.storyboard; sourceTree = "<group>"; };
		A7385BFF267B763300AB1A57 /* Info.plist */ = {isa = PBXFileReference; lastKnownFileType = text.plist.xml; path = Info.plist; sourceTree = "<group>"; };
		A7385C10267B7BEF00AB1A57 /* SessionSingleton.swift */ = {isa = PBXFileReference; lastKnownFileType = sourcecode.swift; path = SessionSingleton.swift; sourceTree = "<group>"; };
/* End PBXFileReference section */

/* Begin PBXFrameworksBuildPhase section */
		A7385BEB267B763200AB1A57 /* Frameworks */ = {
			isa = PBXFrameworksBuildPhase;
			buildActionMask = 2147483647;
			files = (
			);
			runOnlyForDeploymentPostprocessing = 0;
		};
/* End PBXFrameworksBuildPhase section */

/* Begin PBXGroup section */
		A7385BE5267B763200AB1A57 = {
			isa = PBXGroup;
			children = (
				A7385BF0267B763200AB1A57 /* GeekBrainsDZ3 */,
				A7385BEF267B763200AB1A57 /* Products */,
			);
			sourceTree = "<group>";
		};
		A7385BEF267B763200AB1A57 /* Products */ = {
			isa = PBXGroup;
			children = (
				A7385BEE267B763200AB1A57 /* GeekBrainsDZ3.app */,
			);
			name = Products;
			sourceTree = "<group>";
		};
		A7385BF0267B763200AB1A57 /* GeekBrainsDZ3 */ = {
			isa = PBXGroup;
			children = (
				A7385C0F267B7BAD00AB1A57 /* Managers */,
				A7385C0E267B7BA900AB1A57 /* API */,
				A7385C0D267B7BA300AB1A57 /* Helpers */,
				A7385C06267B7B2000AB1A57 /* App */,
				A7385C07267B7B2E00AB1A57 /* UI */,
				A7385C09267B7B4000AB1A57 /* Resources */,
			);
			path = GeekBrainsDZ3;
			sourceTree = "<group>";
		};
		A7385C06267B7B2000AB1A57 /* App */ = {
			isa = PBXGroup;
			children = (
				A7385BF3267B763200AB1A57 /* SceneDelegate.swift */,
				A7385BF1267B763200AB1A57 /* AppDelegate.swift */,
			);
			path = App;
			sourceTree = "<group>";
		};
		A7385C07267B7B2E00AB1A57 /* UI */ = {
			isa = PBXGroup;
			children = (
				A7385C08267B7B3200AB1A57 /* MainModule */,
			);
			path = UI;
			sourceTree = "<group>";
		};
		A7385C08267B7B3200AB1A57 /* MainModule */ = {
			isa = PBXGroup;
			children = (
				A7385C0C267B7B9200AB1A57 /* Presenter */,
				A7385C0B267B7B8D00AB1A57 /* View */,
			);
			path = MainModule;
			sourceTree = "<group>";
		};
		A7385C09267B7B4000AB1A57 /* Resources */ = {
			isa = PBXGroup;
			children = (
				A7385BFF267B763300AB1A57 /* Info.plist */,
				A7385BFA267B763300AB1A57 /* Assets.xcassets */,
				A7385BFC267B763300AB1A57 /* LaunchScreen.storyboard */,
			);
			path = Resources;
			sourceTree = "<group>";
		};
		A7385C0B267B7B8D00AB1A57 /* View */ = {
			isa = PBXGroup;
			children = (
				A7385BF5267B763200AB1A57 /* ViewController.swift */,
				A7385BF7267B763200AB1A57 /* Main.storyboard */,
			);
			path = View;
			sourceTree = "<group>";
		};
		A7385C0C267B7B9200AB1A57 /* Presenter */ = {
			isa = PBXGroup;
			children = (
			);
			path = Presenter;
			sourceTree = "<group>";
		};
		A7385C0D267B7BA300AB1A57 /* Helpers */ = {
			isa = PBXGroup;
			children = (
			);
			path = Helpers;
			sourceTree = "<group>";
		};
		A7385C0E267B7BA900AB1A57 /* API */ = {
			isa = PBXGroup;
			children = (
			);
			path = API;
			sourceTree = "<group>";
		};
		A7385C0F267B7BAD00AB1A57 /* Managers */ = {
			isa = PBXGroup;
			children = (
				A7385C10267B7BEF00AB1A57 /* SessionSingleton.swift */,
			);
			path = Managers;
			sourceTree = "<group>";
		};
/* End PBXGroup section */

/* Begin PBXNativeTarget section */
		A7385BED267B763200AB1A57 /* GeekBrainsDZ3 */ = {
			isa = PBXNativeTarget;
			buildConfigurationList = A7385C02267B763300AB1A57 /* Build configuration list for PBXNativeTarget "GeekBrainsDZ3" */;
			buildPhases = (
				A7385BEA267B763200AB1A57 /* Sources */,
				A7385BEB267B763200AB1A57 /* Frameworks */,
				A7385BEC267B763200AB1A57 /* Resources */,
			);
			buildRules = (
			);
			dependencies = (
			);
			name = GeekBrainsDZ3;
			productName = GeekBrainsDZ3;
			productReference = A7385BEE267B763200AB1A57 /* GeekBrainsDZ3.app */;
			productType = "com.apple.product-type.application";
		};
/* End PBXNativeTarget section */

/* Begin PBXProject section */
		A7385BE6267B763200AB1A57 /* Project object */ = {
			isa = PBXProject;
			attributes = {
				LastSwiftUpdateCheck = 1240;
				LastUpgradeCheck = 1240;
				TargetAttributes = {
					A7385BED267B763200AB1A57 = {
						CreatedOnToolsVersion = 12.4;
					};
				};
			};
			buildConfigurationList = A7385BE9267B763200AB1A57 /* Build configuration list for PBXProject "GeekBrainsDZ3" */;
			compatibilityVersion = "Xcode 9.3";
			developmentRegion = en;
			hasScannedForEncodings = 0;
			knownRegions = (
				en,
				Base,
			);
			mainGroup = A7385BE5267B763200AB1A57;
			productRefGroup = A7385BEF267B763200AB1A57 /* Products */;
			projectDirPath = "";
			projectRoot = "";
			targets = (
				A7385BED267B763200AB1A57 /* GeekBrainsDZ3 */,
			);
		};
/* End PBXProject section */

/* Begin PBXResourcesBuildPhase section */
		A7385BEC267B763200AB1A57 /* Resources */ = {
			isa = PBXResourcesBuildPhase;
			buildActionMask = 2147483647;
			files = (
				A7385BFE267B763300AB1A57 /* LaunchScreen.storyboard in Resources */,
				A7385BFB267B763300AB1A57 /* Assets.xcassets in Resources */,
				A7385BF9267B763200AB1A57 /* Main.storyboard in Resources */,
			);
			runOnlyForDeploymentPostprocessing = 0;
		};
/* End PBXResourcesBuildPhase section */

/* Begin PBXSourcesBuildPhase section */
		A7385BEA267B763200AB1A57 /* Sources */ = {
			isa = PBXSourcesBuildPhase;
			buildActionMask = 2147483647;
			files = (
				A7385C11267B7BEF00AB1A57 /* SessionSingleton.swift in Sources */,
				A7385BF6267B763200AB1A57 /* ViewController.swift in Sources */,
				A7385BF2267B763200AB1A57 /* AppDelegate.swift in Sources */,
				A7385BF4267B763200AB1A57 /* SceneDelegate.swift in Sources */,
			);
			runOnlyForDeploymentPostprocessing = 0;
		};
/* End PBXSourcesBuildPhase section */

/* Begin PBXVariantGroup section */
		A7385BF7267B763200AB1A57 /* Main.storyboard */ = {
			isa = PBXVariantGroup;
			children = (
				A7385BF8267B763200AB1A57 /* Base */,
			);
			name = Main.storyboard;
			sourceTree = "<group>";
		};
		A7385BFC267B763300AB1A57 /* LaunchScreen.storyboard */ = {
			isa = PBXVariantGroup;
			children = (
				A7385BFD267B763300AB1A57 /* Base */,
			);
			name = LaunchScreen.storyboard;
			sourceTree = "<group>";
		};
/* End PBXVariantGroup section */

/* Begin XCBuildConfiguration section */
		A7385C00267B763300AB1A57 /* Debug */ = {
			isa = XCBuildConfiguration;
			buildSettings = {
				ALWAYS_SEARCH_USER_PATHS = NO;
				CLANG_ANALYZER_NONNULL = YES;
				CLANG_ANALYZER_NUMBER_OBJECT_CONVERSION = YES_AGGRESSIVE;
				CLANG_CXX_LANGUAGE_STANDARD = "gnu++14";
				CLANG_CXX_LIBRARY = "libc++";
				CLANG_ENABLE_MODULES = YES;
				CLANG_ENABLE_OBJC_ARC = YES;
				CLANG_ENABLE_OBJC_WEAK = YES;
				CLANG_WARN_BLOCK_CAPTURE_AUTORELEASING = YES;
				CLANG_WARN_BOOL_CONVERSION = YES;
				CLANG_WARN_COMMA = YES;
				CLANG_WARN_CONSTANT_CONVERSION = YES;
				CLANG_WARN_DEPRECATED_OBJC_IMPLEMENTATIONS = YES;
				CLANG_WARN_DIRECT_OBJC_ISA_USAGE = YES_ERROR;
				CLANG_WARN_DOCUMENTATION_COMMENTS = YES;
				CLANG_WARN_EMPTY_BODY = YES;
				CLANG_WARN_ENUM_CONVERSION = YES;
				CLANG_WARN_INFINITE_RECURSION = YES;
				CLANG_WARN_INT_CONVERSION = YES;
				CLANG_WARN_NON_LITERAL_NULL_CONVERSION = YES;
				CLANG_WARN_OBJC_IMPLICIT_RETAIN_SELF = YES;
				CLANG_WARN_OBJC_LITERAL_CONVERSION = YES;
				CLANG_WARN_OBJC_ROOT_CLASS = YES_ERROR;
				CLANG_WARN_QUOTED_INCLUDE_IN_FRAMEWORK_HEADER = YES;
				CLANG_WARN_RANGE_LOOP_ANALYSIS = YES;
				CLANG_WARN_STRICT_PROTOTYPES = YES;
				CLANG_WARN_SUSPICIOUS_MOVE = YES;
				CLANG_WARN_UNGUARDED_AVAILABILITY = YES_AGGRESSIVE;
				CLANG_WARN_UNREACHABLE_CODE = YES;
				CLANG_WARN__DUPLICATE_METHOD_MATCH = YES;
				COPY_PHASE_STRIP = NO;
				DEBUG_INFORMATION_FORMAT = dwarf;
				ENABLE_STRICT_OBJC_MSGSEND = YES;
				ENABLE_TESTABILITY = YES;
				GCC_C_LANGUAGE_STANDARD = gnu11;
				GCC_DYNAMIC_NO_PIC = NO;
				GCC_NO_COMMON_BLOCKS = YES;
				GCC_OPTIMIZATION_LEVEL = 0;
				GCC_PREPROCESSOR_DEFINITIONS = (
					"DEBUG=1",
					"$(inherited)",
				);
				GCC_WARN_64_TO_32_BIT_CONVERSION = YES;
				GCC_WARN_ABOUT_RETURN_TYPE = YES_ERROR;
				GCC_WARN_UNDECLARED_SELECTOR = YES;
				GCC_WARN_UNINITIALIZED_AUTOS = YES_AGGRESSIVE;
				GCC_WARN_UNUSED_FUNCTION = YES;
				GCC_WARN_UNUSED_VARIABLE = YES;
				IPHONEOS_DEPLOYMENT_TARGET = 14.4;
				MTL_ENABLE_DEBUG_INFO = INCLUDE_SOURCE;
				MTL_FAST_MATH = YES;
				ONLY_ACTIVE_ARCH = YES;
				SDKROOT = iphoneos;
				SWIFT_ACTIVE_COMPILATION_CONDITIONS = DEBUG;
				SWIFT_OPTIMIZATION_LEVEL = "-Onone";
			};
			name = Debug;
		};
		A7385C01267B763300AB1A57 /* Release */ = {
			isa = XCBuildConfiguration;
			buildSettings = {
				ALWAYS_SEARCH_USER_PATHS = NO;
				CLANG_ANALYZER_NONNULL = YES;
				CLANG_ANALYZER_NUMBER_OBJECT_CONVERSION = YES_AGGRESSIVE;
				CLANG_CXX_LANGUAGE_STANDARD = "gnu++14";
				CLANG_CXX_LIBRARY = "libc++";
				CLANG_ENABLE_MODULES = YES;
				CLANG_ENABLE_OBJC_ARC = YES;
				CLANG_ENABLE_OBJC_WEAK = YES;
				CLANG_WARN_BLOCK_CAPTURE_AUTORELEASING = YES;
				CLANG_WARN_BOOL_CONVERSION = YES;
				CLANG_WARN_COMMA = YES;
				CLANG_WARN_CONSTANT_CONVERSION = YES;
				CLANG_WARN_DEPRECATED_OBJC_IMPLEMENTATIONS = YES;
				CLANG_WARN_DIRECT_OBJC_ISA_USAGE = YES_ERROR;
				CLANG_WARN_DOCUMENTATION_COMMENTS = YES;
				CLANG_WARN_EMPTY_BODY = YES;
				CLANG_WARN_ENUM_CONVERSION = YES;
				CLANG_WARN_INFINITE_RECURSION = YES;
				CLANG_WARN_INT_CONVERSION = YES;
				CLANG_WARN_NON_LITERAL_NULL_CONVERSION = YES;
				CLANG_WARN_OBJC_IMPLICIT_RETAIN_SELF = YES;
				CLANG_WARN_OBJC_LITERAL_CONVERSION = YES;
				CLANG_WARN_OBJC_ROOT_CLASS = YES_ERROR;
				CLANG_WARN_QUOTED_INCLUDE_IN_FRAMEWORK_HEADER = YES;
				CLANG_WARN_RANGE_LOOP_ANALYSIS = YES;
				CLANG_WARN_STRICT_PROTOTYPES = YES;
				CLANG_WARN_SUSPICIOUS_MOVE = YES;
				CLANG_WARN_UNGUARDED_AVAILABILITY = YES_AGGRESSIVE;
				CLANG_WARN_UNREACHABLE_CODE = YES;
				CLANG_WARN__DUPLICATE_METHOD_MATCH = YES;
				COPY_PHASE_STRIP = NO;
				DEBUG_INFORMATION_FORMAT = "dwarf-with-dsym";
				ENABLE_NS_ASSERTIONS = NO;
				ENABLE_STRICT_OBJC_MSGSEND = YES;
				GCC_C_LANGUAGE_STANDARD = gnu11;
				GCC_NO_COMMON_BLOCKS = YES;
				GCC_WARN_64_TO_32_BIT_CONVERSION = YES;
				GCC_WARN_ABOUT_RETURN_TYPE = YES_ERROR;
				GCC_WARN_UNDECLARED_SELECTOR = YES;
				GCC_WARN_UNINITIALIZED_AUTOS = YES_AGGRESSIVE;
				GCC_WARN_UNUSED_FUNCTION = YES;
				GCC_WARN_UNUSED_VARIABLE = YES;
				IPHONEOS_DEPLOYMENT_TARGET = 14.4;
				MTL_ENABLE_DEBUG_INFO = NO;
				MTL_FAST_MATH = YES;
				SDKROOT = iphoneos;
				SWIFT_COMPILATION_MODE = wholemodule;
				SWIFT_OPTIMIZATION_LEVEL = "-O";
				VALIDATE_PRODUCT = YES;
			};
			name = Release;
		};
		A7385C03267B763300AB1A57 /* Debug */ = {
			isa = XCBuildConfiguration;
			buildSettings = {
				ASSETCATALOG_COMPILER_APPICON_NAME = AppIcon;
				ASSETCATALOG_COMPILER_GLOBAL_ACCENT_COLOR_NAME = AccentColor;
				CODE_SIGN_STYLE = Automatic;
				DEVELOPMENT_TEAM = 9U33WE2T42;
				INFOPLIST_FILE = GeekBrainsDZ3/Resources/Info.plist;
				LD_RUNPATH_SEARCH_PATHS = (
					"$(inherited)",
					"@executable_path/Frameworks",
				);
				PRODUCT_BUNDLE_IDENTIFIER = "Life-system.GeekBrainsDZ3";
				PRODUCT_NAME = "$(TARGET_NAME)";
				SWIFT_VERSION = 5.0;
				TARGETED_DEVICE_FAMILY = "1,2";
			};
			name = Debug;
		};
		A7385C04267B763300AB1A57 /* Release */ = {
			isa = XCBuildConfiguration;
			buildSettings = {
				ASSETCATALOG_COMPILER_APPICON_NAME = AppIcon;
				ASSETCATALOG_COMPILER_GLOBAL_ACCENT_COLOR_NAME = AccentColor;
				CODE_SIGN_STYLE = Automatic;
				DEVELOPMENT_TEAM = 9U33WE2T42;
				INFOPLIST_FILE = GeekBrainsDZ3/Resources/Info.plist;
				LD_RUNPATH_SEARCH_PATHS = (
					"$(inherited)",
					"@executable_path/Frameworks",
				);
				PRODUCT_BUNDLE_IDENTIFIER = "Life-system.GeekBrainsDZ3";
				PRODUCT_NAME = "$(TARGET_NAME)";
				SWIFT_VERSION = 5.0;
				TARGETED_DEVICE_FAMILY = "1,2";
			};
			name = Release;
		};
/* End XCBuildConfiguration section */

/* Begin XCConfigurationList section */
		A7385BE9267B763200AB1A57 /* Build configuration list for PBXProject "GeekBrainsDZ3" */ = {
			isa = XCConfigurationList;
			buildConfigurations = (
				A7385C00267B763300AB1A57 /* Debug */,
				A7385C01267B763300AB1A57 /* Release */,
			);
			defaultConfigurationIsVisible = 0;
			defaultConfigurationName = Release;
		};
		A7385C02267B763300AB1A57 /* Build configuration list for PBXNativeTarget "GeekBrainsDZ3" */ = {
			isa = XCConfigurationList;
			buildConfigurations = (
				A7385C03267B763300AB1A57 /* Debug */,
				A7385C04267B763300AB1A57 /* Release */,
			);
			defaultConfigurationIsVisible = 0;
			defaultConfigurationName = Release;
		};
/* End XCConfigurationList section */
	};
	rootObject = A7385BE6267B763200AB1A57 /* Project object */;
}
